lockfileVersion: '6.0'

settings:
  autoInstallPeers: true
  excludeLinksFromLockfile: false

dependencies:
  '@noir-lang/backend_barretenberg':
    specifier: ^0.23.0
    version: 0.23.0
  '@noir-lang/noir_js':
    specifier: ^0.23.0
    version: 0.23.0
  '@noir-lang/noirc_abi':
    specifier: ^0.23.0
    version: 0.23.0

packages:

  /@aztec/bb.js@0.19.0:
    resolution: {integrity: sha512-I28AdggGl/5FjOEdOCYXviH0TnQUjEl2B95sux1kVJj8MiwD1rmx/tuaQBvUwRKe3hg/4C1KQRYWFn4vwlhg3A==}
    hasBin: true
    dependencies:
      comlink: 4.4.1
      commander: 10.0.1
      debug: 4.3.4
      tslib: 2.6.2
    transitivePeerDependencies:
      - supports-color
    dev: false

  /@noir-lang/acvm_js@0.39.0:
    resolution: {integrity: sha512-Y77qyfamkYSIzzKFkewTwExzTvxYcRd1XBqo950ti4uKMdu18GthkOssqC7CGacwx5PdrdOGFGRJbVtjoXeKIg==}
    dev: false

  /@noir-lang/backend_barretenberg@0.23.0:
    resolution: {integrity: sha512-amehMEE8kEMEbuxvPT1H9BwVQyEFFip6ajHWhgJjw/PkNB8tBzP+ekVrcEvxVerAKNikfzCEWS/kV7CEWcQNzA==}
    dependencies:
      '@aztec/bb.js': 0.19.0
      '@noir-lang/types': 0.23.0
      fflate: 0.8.2
    transitivePeerDependencies:
      - supports-color
    dev: false

  /@noir-lang/noir_js@0.23.0:
    resolution: {integrity: sha512-eblqgm0PjgptYG+TkK2Dmp/Y2fEhjM5sqMam+QUQHn/2WmC+8/LO2a0FQU0t1432BGCII6/TfojQzgQobuXJAw==}
    dependencies:
      '@noir-lang/acvm_js': 0.39.0
      '@noir-lang/noirc_abi': 0.23.0
      '@noir-lang/types': 0.23.0
    dev: false

  /@noir-lang/noirc_abi@0.23.0:
    resolution: {integrity: sha512-MYBkj6hSpiimlcBmX6n/hY+y2Kk39Qh8qre5c41GZPvmC88f7MqhAdDTSsfrFnNg1pvpY5UX6/G1D8jEkT11qA==}
    dev: false

  /@noir-lang/types@0.23.0:
    resolution: {integrity: sha512-jgA4thao714WHiXVE3KS7Y2vQnH3gvsVM1cO1kQsihgmqX5VO+Kk6bI3Yck9HUvAqgcjJgSeOeBtbdTYSzjzkw==}
    dependencies:
      '@noir-lang/noirc_abi': 0.23.0
    dev: false

  /comlink@4.4.1:
    resolution: {integrity: sha512-+1dlx0aY5Jo1vHy/tSsIGpSkN4tS9rZSW8FIhG0JH/crs9wwweswIo/POr451r7bZww3hFbPAKnTpimzL/mm4Q==}
    dev: false

  /commander@10.0.1:
    resolution: {integrity: sha512-y4Mg2tXshplEbSGzx7amzPwKKOCGuoSRP/CjEdwwk0FOGlUbq6lKuoyDZTNZkmxHdJtp54hdfY/JUrdL7Xfdug==}
    engines: {node: '>=14'}
    dev: false

  /debug@4.3.4:
    resolution: {integrity: sha512-PRWFHuSU3eDtQJPvnNY7Jcket1j0t5OuOsFzPPzsekD52Zl8qUfFIPEiswXqIvHWGVHOgX+7G/vCNNhehwxfkQ==}
    engines: {node: '>=6.0'}
    peerDependencies:
      supports-color: '*'
    peerDependenciesMeta:
      supports-color:
        optional: true
    dependencies:
      ms: 2.1.2
    dev: false

  /fflate@0.8.2:
    resolution: {integrity: sha512-cPJU47OaAoCbg0pBvzsgpTPhmhqI5eJjh/JIu8tPj5q+T7iLvW/JAYUqmE7KOB4R1ZyEhzBaIQpQpardBF5z8A==}
    dev: false

  /ms@2.1.2:
    resolution: {integrity: sha512-sGkPx+VjMtmA6MX27oA4FBFELFCZZ4S4XqeGOXCv68tT+jb3vk/RyaKWP0PTKyWtmLSM0b+adUTEvbs1PEaH2w==}
    dev: false

  /tslib@2.6.2:
    resolution: {integrity: sha512-AEYxH93jGFPn/a2iVAwW87VuUIkR1FVUKB77NwMF7nBTDkDrrT/Hpt/IrCJ0QXhW27jTBDcf5ZY7w6RiqTMw2Q==}
    dev: false
